// !$*UTF8*$!
{
	archiveVersion = 1;
	classes = {
	};
	objectVersion = 60;
	objects = {

/* Begin PBXBuildFile section */
		A10000000000000000000001 /* PuebloApp.swift in Sources */ = {isa = PBXBuildFile; fileRef = B10000000000000000000001 /* PuebloApp.swift */; };
		A10000000000000000000002 /* AppTheme.swift in Sources */ = {isa = PBXBuildFile; fileRef = B10000000000000000000002 /* AppTheme.swift */; };
		A10000000000000000000003 /* MarketplaceModels.swift in Sources */ = {isa = PBXBuildFile; fileRef = B10000000000000000000003 /* MarketplaceModels.swift */; };
		A10000000000000000000004 /* MarketplaceRepository.swift in Sources */ = {isa = PBXBuildFile; fileRef = B10000000000000000000004 /* MarketplaceRepository.swift */; };
		A10000000000000000000005 /* MarketplaceStore.swift in Sources */ = {isa = PBXBuildFile; fileRef = B10000000000000000000005 /* MarketplaceStore.swift */; };
		A10000000000000000000006 /* AppNavigation.swift in Sources */ = {isa = PBXBuildFile; fileRef = B10000000000000000000006 /* AppNavigation.swift */; };
		A10000000000000000000007 /* AppShellView.swift in Sources */ = {isa = PBXBuildFile; fileRef = B10000000000000000000007 /* AppShellView.swift */; };
		A10000000000000000000008 /* SharedViews.swift in Sources */ = {isa = PBXBuildFile; fileRef = B10000000000000000000008 /* SharedViews.swift */; };
		A10000000000000000000009 /* ExploreView.swift in Sources */ = {isa = PBXBuildFile; fileRef = B10000000000000000000009 /* ExploreView.swift */; };
		A1000000000000000000000A /* BusinessDetailView.swift in Sources */ = {isa = PBXBuildFile; fileRef = B1000000000000000000000A /* BusinessDetailView.swift */; };
		A1000000000000000000000B /* RequestsView.swift in Sources */ = {isa = PBXBuildFile; fileRef = B1000000000000000000000B /* RequestsView.swift */; };
		A1000000000000000000000C /* CreateRequestSheet.swift in Sources */ = {isa = PBXBuildFile; fileRef = B1000000000000000000000C /* CreateRequestSheet.swift */; };
		A1000000000000000000000D /* TownPickerSheet.swift in Sources */ = {isa = PBXBuildFile; fileRef = B1000000000000000000000D /* TownPickerSheet.swift */; };
		A1000000000000000000000E /* ActivityView.swift in Sources */ = {isa = PBXBuildFile; fileRef = B1000000000000000000000E /* ActivityView.swift */; };
		A1000000000000000000000F /* ProfileView.swift in Sources */ = {isa = PBXBuildFile; fileRef = B1000000000000000000000F /* ProfileView.swift */; };
		A10000000000000000000010 /* MarketplaceStoreTests.swift in Sources */ = {isa = PBXBuildFile; fileRef = B10000000000000000000010 /* MarketplaceStoreTests.swift */; };
		A10000000000000000000011 /* XCTest.framework in Frameworks */ = {isa = PBXBuildFile; fileRef = B10000000000000000000011 /* XCTest.framework */; };
		A10000000000000000000012 /* SupabaseConfiguration.swift in Sources */ = {isa = PBXBuildFile; fileRef = B10000000000000000000014 /* SupabaseConfiguration.swift */; };
		A10000000000000000000013 /* AuthStore.swift in Sources */ = {isa = PBXBuildFile; fileRef = B10000000000000000000015 /* AuthStore.swift */; };
		A10000000000000000000014 /* SignInSheet.swift in Sources */ = {isa = PBXBuildFile; fileRef = B10000000000000000000016 /* SignInSheet.swift */; };
		A10000000000000000000015 /* NewsView.swift in Sources */ = {isa = PBXBuildFile; fileRef = B10000000000000000000017 /* NewsView.swift */; };
		A10000000000000000000016 /* NewsDetailView.swift in Sources */ = {isa = PBXBuildFile; fileRef = B10000000000000000000018 /* NewsDetailView.swift */; };
		A10000000000000000000017 /* CreateNewsSheet.swift in Sources */ = {isa = PBXBuildFile; fileRef = B10000000000000000000019 /* CreateNewsSheet.swift */; };
		A10000000000000000000018 /* Supabase in Frameworks */ = {isa = PBXBuildFile; productRef = N10000000000000000000001 /* Supabase */; };
		A10000000000000000000019 /* GoogleSignIn in Frameworks */ = {isa = PBXBuildFile; productRef = N10000000000000000000002 /* GoogleSignIn */; };
		A1000000000000000000001A /* GoogleSignInSwift in Frameworks */ = {isa = PBXBuildFile; productRef = N10000000000000000000003 /* GoogleSignInSwift */; };
		A1000000000000000000001B /* SupabaseNewsService.swift in Sources */ = {isa = PBXBuildFile; fileRef = B1000000000000000000001C /* SupabaseNewsService.swift */; };
		A1000000000000000000001C /* MyBusinessView.swift in Sources */ = {isa = PBXBuildFile; fileRef = B1000000000000000000001D /* MyBusinessView.swift */; };
		A1000000000000000000001D /* AddEditProductSheet.swift in Sources */ = {isa = PBXBuildFile; fileRef = B1000000000000000000001E /* AddEditProductSheet.swift */; };
		A1000000000000000000001E /* BulkImportProductsSheet.swift in Sources */ = {isa = PBXBuildFile; fileRef = B1000000000000000000001F /* BulkImportProductsSheet.swift */; };
		A1000000000000000000001F /* TownSpotsView.swift in Sources */ = {isa = PBXBuildFile; fileRef = B10000000000000000000020 /* TownSpotsView.swift */; };
		A10000000000000000000021 /* CreateBusinessSheet.swift in Sources */ = {isa = PBXBuildFile; fileRef = B10000000000000000000021 /* CreateBusinessSheet.swift */; };
		A10000000000000000000022 /* MediaPickerView.swift in Sources */ = {isa = PBXBuildFile; fileRef = B10000000000000000000022 /* MediaPickerView.swift */; };
/* End PBXBuildFile section */

/* Begin PBXContainerItemProxy section */
		C10000000000000000000001 /* PBXContainerItemProxy */ = {
			isa = PBXContainerItemProxy;
			containerPortal = D10000000000000000000001 /* Project object */;
			proxyType = 1;
			remoteGlobalIDString = E10000000000000000000001;
			remoteInfo = PuebloApp;
		};
/* End PBXContainerItemProxy section */

/* Begin PBXFileReference section */
		B10000000000000000000001 /* PuebloApp.swift */ = {isa = PBXFileReference; lastKnownFileType = sourcecode.swift; path = PuebloApp.swift; sourceTree = "<group>"; };
		B10000000000000000000002 /* AppTheme.swift */ = {isa = PBXFileReference; lastKnownFileType = sourcecode.swift; path = AppTheme.swift; sourceTree = "<group>"; };
		B10000000000000000000003 /* MarketplaceModels.swift */ = {isa = PBXFileReference; lastKnownFileType = sourcecode.swift; path = MarketplaceModels.swift; sourceTree = "<group>"; };
		B10000000000000000000004 /* MarketplaceRepository.swift */ = {isa = PBXFileReference; lastKnownFileType = sourcecode.swift; path = MarketplaceRepository.swift; sourceTree = "<group>"; };
		B10000000000000000000005 /* MarketplaceStore.swift */ = {isa = PBXFileReference; lastKnownFileType = sourcecode.swift; path = MarketplaceStore.swift; sourceTree = "<group>"; };
		B10000000000000000000006 /* AppNavigation.swift */ = {isa = PBXFileReference; lastKnownFileType = sourcecode.swift; path = AppNavigation.swift; sourceTree = "<group>"; };
		B10000000000000000000007 /* AppShellView.swift */ = {isa = PBXFileReference; lastKnownFileType = sourcecode.swift; path = AppShellView.swift; sourceTree = "<group>"; };
		B10000000000000000000008 /* SharedViews.swift */ = {isa = PBXFileReference; lastKnownFileType = sourcecode.swift; path = SharedViews.swift; sourceTree = "<group>"; };
		B10000000000000000000009 /* ExploreView.swift */ = {isa = PBXFileReference; lastKnownFileType = sourcecode.swift; path = ExploreView.swift; sourceTree = "<group>"; };
		B1000000000000000000000A /* BusinessDetailView.swift */ = {isa = PBXFileReference; lastKnownFileType = sourcecode.swift; path = BusinessDetailView.swift; sourceTree = "<group>"; };
		B1000000000000000000000B /* RequestsView.swift */ = {isa = PBXFileReference; lastKnownFileType = sourcecode.swift; path = RequestsView.swift; sourceTree = "<group>"; };
		B1000000000000000000000C /* CreateRequestSheet.swift */ = {isa = PBXFileReference; lastKnownFileType = sourcecode.swift; path = CreateRequestSheet.swift; sourceTree = "<group>"; };
		B1000000000000000000000D /* TownPickerSheet.swift */ = {isa = PBXFileReference; lastKnownFileType = sourcecode.swift; path = TownPickerSheet.swift; sourceTree = "<group>"; };
		B1000000000000000000000E /* ActivityView.swift */ = {isa = PBXFileReference; lastKnownFileType = sourcecode.swift; path = ActivityView.swift; sourceTree = "<group>"; };
		B1000000000000000000000F /* ProfileView.swift */ = {isa = PBXFileReference; lastKnownFileType = sourcecode.swift; path = ProfileView.swift; sourceTree = "<group>"; };
		B10000000000000000000010 /* MarketplaceStoreTests.swift */ = {isa = PBXFileReference; lastKnownFileType = sourcecode.swift; path = MarketplaceStoreTests.swift; sourceTree = "<group>"; };
		B10000000000000000000011 /* XCTest.framework */ = {isa = PBXFileReference; lastKnownFileType = wrapper.framework; name = XCTest.framework; path = System/Library/Frameworks/XCTest.framework; sourceTree = SDKROOT; };
		B10000000000000000000012 /* PuebloApp.app */ = {isa = PBXFileReference; explicitFileType = wrapper.application; includeInIndex = 0; path = PuebloApp.app; sourceTree = BUILT_PRODUCTS_DIR; };
		B10000000000000000000013 /* PuebloAppTests.xctest */ = {isa = PBXFileReference; explicitFileType = wrapper.cfbundle; includeInIndex = 0; path = PuebloAppTests.xctest; sourceTree = BUILT_PRODUCTS_DIR; };
		B10000000000000000000014 /* SupabaseConfiguration.swift */ = {isa = PBXFileReference; lastKnownFileType = sourcecode.swift; path = SupabaseConfiguration.swift; sourceTree = "<group>"; };
		B10000000000000000000015 /* AuthStore.swift */ = {isa = PBXFileReference; lastKnownFileType = sourcecode.swift; path = AuthStore.swift; sourceTree = "<group>"; };
		B10000000000000000000016 /* SignInSheet.swift */ = {isa = PBXFileReference; lastKnownFileType = sourcecode.swift; path = SignInSheet.swift; sourceTree = "<group>"; };
		B10000000000000000000017 /* NewsView.swift */ = {isa = PBXFileReference; lastKnownFileType = sourcecode.swift; path = NewsView.swift; sourceTree = "<group>"; };
		B10000000000000000000018 /* NewsDetailView.swift */ = {isa = PBXFileReference; lastKnownFileType = sourcecode.swift; path = NewsDetailView.swift; sourceTree = "<group>"; };
		B10000000000000000000019 /* CreateNewsSheet.swift */ = {isa = PBXFileReference; lastKnownFileType = sourcecode.swift; path = CreateNewsSheet.swift; sourceTree = "<group>"; };
		B1000000000000000000001A /* Info.plist */ = {isa = PBXFileReference; lastKnownFileType = text.plist.xml; path = Info.plist; sourceTree = "<group>"; };
		B1000000000000000000001B /* PuebloApp.entitlements */ = {isa = PBXFileReference; lastKnownFileType = text.plist.entitlements; path = PuebloApp.entitlements; sourceTree = "<group>"; };
		B1000000000000000000001C /* SupabaseNewsService.swift */ = {isa = PBXFileReference; lastKnownFileType = sourcecode.swift; path = SupabaseNewsService.swift; sourceTree = "<group>"; };
		B1000000000000000000001D /* MyBusinessView.swift */ = {isa = PBXFileReference; lastKnownFileType = sourcecode.swift; path = MyBusinessView.swift; sourceTree = "<group>"; };
		B1000000000000000000001E /* AddEditProductSheet.swift */ = {isa = PBXFileReference; lastKnownFileType = sourcecode.swift; path = AddEditProductSheet.swift; sourceTree = "<group>"; };
		B1000000000000000000001F /* BulkImportProductsSheet.swift */ = {isa = PBXFileReference; lastKnownFileType = sourcecode.swift; path = BulkImportProductsSheet.swift; sourceTree = "<group>"; };
		B10000000000000000000020 /* TownSpotsView.swift */ = {isa = PBXFileReference; lastKnownFileType = sourcecode.swift; path = TownSpotsView.swift; sourceTree = "<group>"; };
		B10000000000000000000021 /* CreateBusinessSheet.swift */ = {isa = PBXFileReference; lastKnownFileType = sourcecode.swift; path = CreateBusinessSheet.swift; sourceTree = "<group>"; };
		B10000000000000000000022 /* MediaPickerView.swift */ = {isa = PBXFileReference; lastKnownFileType = sourcecode.swift; path = MediaPickerView.swift; sourceTree = "<group>"; };
/* End PBXFileReference section */

/* Begin PBXFrameworksBuildPhase section */
		F10000000000000000000001 /* Frameworks */ = {
			isa = PBXFrameworksBuildPhase;
			buildActionMask = 2147483647;
			files = (
				A10000000000000000000018 /* Supabase in Frameworks */,
				A10000000000000000000019 /* GoogleSignIn in Frameworks */,
				A1000000000000000000001A /* GoogleSignInSwift in Frameworks */,
			);
			runOnlyForDeploymentPostprocessing = 0;
		};
		F10000000000000000000002 /* Frameworks */ = {
			isa = PBXFrameworksBuildPhase;
			buildActionMask = 2147483647;
			files = (
				A10000000000000000000011 /* XCTest.framework in Frameworks */,
			);
			runOnlyForDeploymentPostprocessing = 0;
		};
/* End PBXFrameworksBuildPhase section */

/* Begin PBXGroup section */
		G10000000000000000000001 = {
			isa = PBXGroup;
			children = (
				G10000000000000000000002 /* PuebloApp */,
				G10000000000000000000011 /* PuebloAppTests */,
				G10000000000000000000012 /* Frameworks */,
				G10000000000000000000013 /* Products */,
			);
			sourceTree = "<group>";
		};
		G10000000000000000000002 /* PuebloApp */ = {
			isa = PBXGroup;
			children = (
				B10000000000000000000001 /* PuebloApp.swift */,
				B1000000000000000000001B /* PuebloApp.entitlements */,
				G10000000000000000000003 /* App */,
				G10000000000000000000004 /* Design */,
				G10000000000000000000005 /* Models */,
				G10000000000000000000006 /* Data */,
				G10000000000000000000007 /* Navigation */,
				G10000000000000000000008 /* Shared */,
				G10000000000000000000009 /* Features */,
				G10000000000000000000014 /* Auth */,
				G10000000000000000000016 /* Supporting */,
			);
			path = PuebloApp;
			sourceTree = "<group>";
		};
		G10000000000000000000003 /* App */ = {
			isa = PBXGroup;
			children = (
				B10000000000000000000007 /* AppShellView.swift */,
			);
			path = App;
			sourceTree = "<group>";
		};
		G10000000000000000000004 /* Design */ = {
			isa = PBXGroup;
			children = (
				B10000000000000000000002 /* AppTheme.swift */,
			);
			path = Design;
			sourceTree = "<group>";
		};
		G10000000000000000000005 /* Models */ = {
			isa = PBXGroup;
			children = (
				B10000000000000000000003 /* MarketplaceModels.swift */,
			);
			path = Models;
			sourceTree = "<group>";
		};
		G10000000000000000000006 /* Data */ = {
			isa = PBXGroup;
			children = (
				B10000000000000000000004 /* MarketplaceRepository.swift */,
				B10000000000000000000005 /* MarketplaceStore.swift */,
				B1000000000000000000001C /* SupabaseNewsService.swift */,
			);
			path = Data;
			sourceTree = "<group>";
		};
		G10000000000000000000007 /* Navigation */ = {
			isa = PBXGroup;
			children = (
				B10000000000000000000006 /* AppNavigation.swift */,
			);
			path = Navigation;
			sourceTree = "<group>";
		};
		G10000000000000000000008 /* Shared */ = {
			isa = PBXGroup;
			children = (
				B10000000000000000000008 /* SharedViews.swift */,
				B10000000000000000000022 /* MediaPickerView.swift */,
			);
			path = Shared;
			sourceTree = "<group>";
		};
		G10000000000000000000009 /* Features */ = {
			isa = PBXGroup;
			children = (
				G1000000000000000000000A /* Explore */,
				G10000000000000000000015 /* News */,
				G1000000000000000000000B /* Requests */,
				G1000000000000000000000C /* Towns */,
				G1000000000000000000000D /* Activity */,
				G1000000000000000000000E /* Profile */,
			);
			path = Features;
			sourceTree = "<group>";
		};
		G1000000000000000000000A /* Explore */ = {
			isa = PBXGroup;
			children = (
				B10000000000000000000009 /* ExploreView.swift */,
				B1000000000000000000000A /* BusinessDetailView.swift */,
				B10000000000000000000020 /* TownSpotsView.swift */,
			);
			path = Explore;
			sourceTree = "<group>";
		};
		G1000000000000000000000B /* Requests */ = {
			isa = PBXGroup;
			children = (
				B1000000000000000000000B /* RequestsView.swift */,
				B1000000000000000000000C /* CreateRequestSheet.swift */,
			);
			path = Requests;
			sourceTree = "<group>";
		};
		G1000000000000000000000C /* Towns */ = {
			isa = PBXGroup;
			children = (
				B1000000000000000000000D /* TownPickerSheet.swift */,
			);
			path = Towns;
			sourceTree = "<group>";
		};
		G1000000000000000000000D /* Activity */ = {
			isa = PBXGroup;
			children = (
				B1000000000000000000000E /* ActivityView.swift */,
			);
			path = Activity;
			sourceTree = "<group>";
		};
		G1000000000000000000000E /* Profile */ = {
			isa = PBXGroup;
			children = (
				B1000000000000000000000F /* ProfileView.swift */,
				B1000000000000000000001D /* MyBusinessView.swift */,
				B1000000000000000000001E /* AddEditProductSheet.swift */,
				B1000000000000000000001F /* BulkImportProductsSheet.swift */,
				B10000000000000000000021 /* CreateBusinessSheet.swift */,
			);
			path = Profile;
			sourceTree = "<group>";
		};
		G10000000000000000000011 /* PuebloAppTests */ = {
			isa = PBXGroup;
			children = (
				B10000000000000000000010 /* MarketplaceStoreTests.swift */,
			);
			path = PuebloAppTests;
			sourceTree = "<group>";
		};
		G10000000000000000000012 /* Frameworks */ = {
			isa = PBXGroup;
			children = (
				B10000000000000000000011 /* XCTest.framework */,
			);
			name = Frameworks;
			sourceTree = "<group>";
		};
		G10000000000000000000013 /* Products */ = {
			isa = PBXGroup;
			children = (
				B10000000000000000000012 /* PuebloApp.app */,
				B10000000000000000000013 /* PuebloAppTests.xctest */,
			);
			name = Products;
			sourceTree = "<group>";
		};
		G10000000000000000000014 /* Auth */ = {
			isa = PBXGroup;
			children = (
				B10000000000000000000014 /* SupabaseConfiguration.swift */,
				B10000000000000000000015 /* AuthStore.swift */,
				B10000000000000000000016 /* SignInSheet.swift */,
			);
			path = Auth;
			sourceTree = "<group>";
		};
		G10000000000000000000015 /* News */ = {
			isa = PBXGroup;
			children = (
				B10000000000000000000017 /* NewsView.swift */,
				B10000000000000000000018 /* NewsDetailView.swift */,
				B10000000000000000000019 /* CreateNewsSheet.swift */,
			);
			path = News;
			sourceTree = "<group>";
		};
		G10000000000000000000016 /* Supporting */ = {
			isa = PBXGroup;
			children = (
				B1000000000000000000001A /* Info.plist */,
			);
			path = Supporting;
			sourceTree = "<group>";
		};
/* End PBXGroup section */

/* Begin PBXNativeTarget section */
		E10000000000000000000001 /* PuebloApp */ = {
			isa = PBXNativeTarget;
			buildConfigurationList = H10000000000000000000002 /* Build configuration list for PBXNativeTarget "PuebloApp" */;
			buildPhases = (
				I10000000000000000000001 /* Sources */,
				F10000000000000000000001 /* Frameworks */,
				J10000000000000000000001 /* Resources */,
			);
			buildRules = (
			);
			dependencies = (
			);
			name = PuebloApp;
			packageProductDependencies = (
				N10000000000000000000001 /* Supabase */,
				N10000000000000000000002 /* GoogleSignIn */,
				N10000000000000000000003 /* GoogleSignInSwift */,
			);
			productName = PuebloApp;
			productReference = B10000000000000000000012 /* PuebloApp.app */;
			productType = "com.apple.product-type.application";
		};
		E10000000000000000000002 /* PuebloAppTests */ = {
			isa = PBXNativeTarget;
			buildConfigurationList = H10000000000000000000003 /* Build configuration list for PBXNativeTarget "PuebloAppTests" */;
			buildPhases = (
				I10000000000000000000002 /* Sources */,
				F10000000000000000000002 /* Frameworks */,
				J10000000000000000000002 /* Resources */,
			);
			buildRules = (
			);
			dependencies = (
				K10000000000000000000001 /* PBXTargetDependency */,
			);
			name = PuebloAppTests;
			productName = PuebloAppTests;
			productReference = B10000000000000000000013 /* PuebloAppTests.xctest */;
			productType = "com.apple.product-type.bundle.unit-test";
		};
/* End PBXNativeTarget section */

/* Begin PBXProject section */
		D10000000000000000000001 /* Project object */ = {
			isa = PBXProject;
			attributes = {
				BuildIndependentTargetsInParallel = 1;
				LastSwiftUpdateCheck = 2660;
				LastUpgradeCheck = 2660;
				TargetAttributes = {
					E10000000000000000000001 = {
						CreatedOnToolsVersion = 26.0;
						SystemCapabilities = {
							com.apple.SignInWithApple = {
								enabled = 1;
							};
						};
					};
					E10000000000000000000002 = {
						CreatedOnToolsVersion = 26.0;
						TestTargetID = E10000000000000000000001;
					};
				};
			};
			buildConfigurationList = H10000000000000000000001 /* Build configuration list for PBXProject "YaConecta" */;
			compatibilityVersion = "Xcode 15.0";
			developmentRegion = en;
			hasScannedForEncodings = 0;
			knownRegions = (
				en,
				Base,
			);
			mainGroup = G10000000000000000000001;
			packageReferences = (
				M10000000000000000000001 /* XCRemoteSwiftPackageReference "supabase-swift" */,
				M10000000000000000000002 /* XCRemoteSwiftPackageReference "GoogleSignIn-iOS" */,
			);
			productRefGroup = G10000000000000000000013 /* Products */;
			projectDirPath = "";
			projectRoot = "";
			targets = (
				E10000000000000000000001 /* PuebloApp */,
				E10000000000000000000002 /* PuebloAppTests */,
			);
		};
/* End PBXProject section */

/* Begin PBXResourcesBuildPhase section */
		J10000000000000000000001 /* Resources */ = {
			isa = PBXResourcesBuildPhase;
			buildActionMask = 2147483647;
			files = (
			);
			runOnlyForDeploymentPostprocessing = 0;
		};
		J10000000000000000000002 /* Resources */ = {
			isa = PBXResourcesBuildPhase;
			buildActionMask = 2147483647;
			files = (
			);
			runOnlyForDeploymentPostprocessing = 0;
		};
/* End PBXResourcesBuildPhase section */

/* Begin PBXSourcesBuildPhase section */
		I10000000000000000000001 /* Sources */ = {
			isa = PBXSourcesBuildPhase;
			buildActionMask = 2147483647;
			files = (
				A10000000000000000000001 /* PuebloApp.swift in Sources */,
				A10000000000000000000002 /* AppTheme.swift in Sources */,
				A10000000000000000000003 /* MarketplaceModels.swift in Sources */,
				A10000000000000000000004 /* MarketplaceRepository.swift in Sources */,
				A10000000000000000000005 /* MarketplaceStore.swift in Sources */,
				A10000000000000000000006 /* AppNavigation.swift in Sources */,
				A10000000000000000000007 /* AppShellView.swift in Sources */,
				A10000000000000000000008 /* SharedViews.swift in Sources */,
				A10000000000000000000009 /* ExploreView.swift in Sources */,
				A1000000000000000000000A /* BusinessDetailView.swift in Sources */,
				A1000000000000000000000B /* RequestsView.swift in Sources */,
				A1000000000000000000000C /* CreateRequestSheet.swift in Sources */,
				A1000000000000000000000D /* TownPickerSheet.swift in Sources */,
				A1000000000000000000000E /* ActivityView.swift in Sources */,
				A1000000000000000000000F /* ProfileView.swift in Sources */,
				A10000000000000000000012 /* SupabaseConfiguration.swift in Sources */,
				A10000000000000000000013 /* AuthStore.swift in Sources */,
				A10000000000000000000014 /* SignInSheet.swift in Sources */,
				A10000000000000000000015 /* NewsView.swift in Sources */,
				A10000000000000000000016 /* NewsDetailView.swift in Sources */,
				A10000000000000000000017 /* CreateNewsSheet.swift in Sources */,
				A1000000000000000000001B /* SupabaseNewsService.swift in Sources */,
				A1000000000000000000001C /* MyBusinessView.swift in Sources */,
				A1000000000000000000001D /* AddEditProductSheet.swift in Sources */,
				A1000000000000000000001E /* BulkImportProductsSheet.swift in Sources */,
				A1000000000000000000001F /* TownSpotsView.swift in Sources */,
				A10000000000000000000021 /* CreateBusinessSheet.swift in Sources */,
				A10000000000000000000022 /* MediaPickerView.swift in Sources */,
			);
			runOnlyForDeploymentPostprocessing = 0;
		};
		I10000000000000000000002 /* Sources */ = {
			isa = PBXSourcesBuildPhase;
			buildActionMask = 2147483647;
			files = (
				A10000000000000000000010 /* MarketplaceStoreTests.swift in Sources */,
			);
			runOnlyForDeploymentPostprocessing = 0;
		};
/* End PBXSourcesBuildPhase section */

/* Begin PBXTargetDependency section */
		K10000000000000000000001 /* PBXTargetDependency */ = {
			isa = PBXTargetDependency;
			target = E10000000000000000000001 /* PuebloApp */;
			targetProxy = C10000000000000000000001 /* PBXContainerItemProxy */;
		};
/* End PBXTargetDependency section */

/* Begin XCBuildConfiguration section */
		L10000000000000000000001 /* Debug */ = {
			isa = XCBuildConfiguration;
			buildSettings = {
				ALWAYS_SEARCH_USER_PATHS = NO;
				ASSETCATALOG_COMPILER_GENERATE_SWIFT_ASSET_SYMBOL_EXTENSIONS = YES;
				CLANG_ANALYZER_NONNULL = YES;
				CLANG_ENABLE_MODULES = YES;
				CLANG_ENABLE_OBJC_ARC = YES;
				CLANG_WARN_BLOCK_CAPTURE_AUTORELEASING = YES;
				CLANG_WARN_BOOL_CONVERSION = YES;
				CLANG_WARN_COMMA = YES;
				CLANG_WARN_CONSTANT_CONVERSION = YES;
				CLANG_WARN_DEPRECATED_OBJC_IMPLEMENTATIONS = YES;
				CLANG_WARN_DOCUMENTATION_COMMENTS = YES;
				CLANG_WARN_EMPTY_BODY = YES;
				CLANG_WARN_ENUM_CONVERSION = YES;
				CLANG_WARN_INFINITE_RECURSION = YES;
				CLANG_WARN_INT_CONVERSION = YES;
				CLANG_WARN_NON_LITERAL_NULL_CONVERSION = YES;
				CLANG_WARN_OBJC_IMPLICIT_RETAIN_SELF = YES;
				CLANG_WARN_OBJC_LITERAL_CONVERSION = YES;
				CLANG_WARN_RANGE_LOOP_ANALYSIS = YES;
				CLANG_WARN_STRICT_PROTOTYPES = YES;
				CLANG_WARN_SUSPICIOUS_MOVE = YES;
				CLANG_WARN_UNGUARDED_AVAILABILITY = YES_AGGRESSIVE;
				CLANG_WARN_UNREACHABLE_CODE = YES;
				COPY_PHASE_STRIP = NO;
				DEBUG_INFORMATION_FORMAT = dwarf;
				ENABLE_TESTABILITY = YES;
				ENABLE_USER_SCRIPT_SANDBOXING = YES;
				GCC_C_LANGUAGE_STANDARD = gnu17;
				GCC_DYNAMIC_NO_PIC = NO;
				GCC_NO_COMMON_BLOCKS = YES;
				GCC_OPTIMIZATION_LEVEL = 0;
				GCC_PREPROCESSOR_DEFINITIONS = (
					"DEBUG=1",
					"$(inherited)",
				);
				GCC_WARN_64_TO_32_BIT_CONVERSION = YES;
				GCC_WARN_ABOUT_RETURN_TYPE = YES_ERROR;
				GCC_WARN_UNDECLARED_SELECTOR = YES;
				GCC_WARN_UNINITIALIZED_AUTOS = YES_AGGRESSIVE;
				GCC_WARN_UNUSED_FUNCTION = YES;
				GCC_WARN_UNUSED_VARIABLE = YES;
				IPHONEOS_DEPLOYMENT_TARGET = 17.0;
				MTL_ENABLE_DEBUG_INFO = INCLUDE_SOURCE;
				MTL_FAST_MATH = YES;
				ONLY_ACTIVE_ARCH = YES;
				SDKROOT = iphoneos;
				SWIFT_ACTIVE_COMPILATION_CONDITIONS = "DEBUG $(inherited)";
				SWIFT_OPTIMIZATION_LEVEL = "-Onone";
			};
			name = Debug;
		};
		L10000000000000000000002 /* Release */ = {
			isa = XCBuildConfiguration;
			buildSettings = {
				ALWAYS_SEARCH_USER_PATHS = NO;
				ASSETCATALOG_COMPILER_GENERATE_SWIFT_ASSET_SYMBOL_EXTENSIONS = YES;
				CLANG_ANALYZER_NONNULL = YES;
				CLANG_ENABLE_MODULES = YES;
				CLANG_ENABLE_OBJC_ARC = YES;
				CLANG_WARN_BLOCK_CAPTURE_AUTORELEASING = YES;
				CLANG_WARN_BOOL_CONVERSION = YES;
				CLANG_WARN_COMMA = YES;
				CLANG_WARN_CONSTANT_CONVERSION = YES;
				CLANG_WARN_DEPRECATED_OBJC_IMPLEMENTATIONS = YES;
				CLANG_WARN_DOCUMENTATION_COMMENTS = YES;
				CLANG_WARN_EMPTY_BODY = YES;
				CLANG_WARN_ENUM_CONVERSION = YES;
				CLANG_WARN_INFINITE_RECURSION = YES;
				CLANG_WARN_INT_CONVERSION = YES;
				CLANG_WARN_NON_LITERAL_NULL_CONVERSION = YES;
				CLANG_WARN_OBJC_IMPLICIT_RETAIN_SELF = YES;
				CLANG_WARN_OBJC_LITERAL_CONVERSION = YES;
				CLANG_WARN_RANGE_LOOP_ANALYSIS = YES;
				CLANG_WARN_STRICT_PROTOTYPES = YES;
				CLANG_WARN_SUSPICIOUS_MOVE = YES;
				CLANG_WARN_UNGUARDED_AVAILABILITY = YES_AGGRESSIVE;
				CLANG_WARN_UNREACHABLE_CODE = YES;
				COPY_PHASE_STRIP = NO;
				DEBUG_INFORMATION_FORMAT = "dwarf-with-dsym";
				ENABLE_NS_ASSERTIONS = NO;
				ENABLE_USER_SCRIPT_SANDBOXING = YES;
				GCC_C_LANGUAGE_STANDARD = gnu17;
				GCC_NO_COMMON_BLOCKS = YES;
				GCC_WARN_64_TO_32_BIT_CONVERSION = YES;
				GCC_WARN_ABOUT_RETURN_TYPE = YES_ERROR;
				GCC_WARN_UNDECLARED_SELECTOR = YES;
				GCC_WARN_UNINITIALIZED_AUTOS = YES_AGGRESSIVE;
				GCC_WARN_UNUSED_FUNCTION = YES;
				GCC_WARN_UNUSED_VARIABLE = YES;
				IPHONEOS_DEPLOYMENT_TARGET = 17.0;
				MTL_FAST_MATH = YES;
				SDKROOT = iphoneos;
				SWIFT_COMPILATION_MODE = wholemodule;
			};
			name = Release;
		};
		L10000000000000000000003 /* Debug */ = {
			isa = XCBuildConfiguration;
			buildSettings = {
				CODE_SIGN_ENTITLEMENTS = PuebloApp/PuebloApp.entitlements;
				CODE_SIGN_STYLE = Automatic;
				CURRENT_PROJECT_VERSION = 1;
				DEVELOPMENT_TEAM = PHVD7727SU;
				GENERATE_INFOPLIST_FILE = NO;
				INFOPLIST_FILE = PuebloApp/Supporting/Info.plist;
				IPHONEOS_DEPLOYMENT_TARGET = 17.0;
				MARKETING_VERSION = 1.1;
				PRODUCT_BUNDLE_IDENTIFIER = com.yaconecta.ios;
				PRODUCT_NAME = "$(TARGET_NAME)";
				SUPPORTED_PLATFORMS = "iphoneos iphonesimulator";
				SUPPORTS_MACCATALYST = NO;
				SWIFT_EMIT_LOC_STRINGS = YES;
				SWIFT_VERSION = 6.0;
				TARGETED_DEVICE_FAMILY = 1;
			};
			name = Debug;
		};
		L10000000000000000000004 /* Release */ = {
			isa = XCBuildConfiguration;
			buildSettings = {
				CODE_SIGN_ENTITLEMENTS = PuebloApp/PuebloApp.entitlements;
				CODE_SIGN_STYLE = Automatic;
				CURRENT_PROJECT_VERSION = 1;
				DEVELOPMENT_TEAM = PHVD7727SU;
				GENERATE_INFOPLIST_FILE = NO;
				INFOPLIST_FILE = PuebloApp/Supporting/Info.plist;
				IPHONEOS_DEPLOYMENT_TARGET = 17.0;
				MARKETING_VERSION = 1.1;
				PRODUCT_BUNDLE_IDENTIFIER = com.yaconecta.ios;
				PRODUCT_NAME = "$(TARGET_NAME)";
				SUPPORTED_PLATFORMS = "iphoneos iphonesimulator";
				SUPPORTS_MACCATALYST = NO;
				SWIFT_EMIT_LOC_STRINGS = YES;
				SWIFT_VERSION = 6.0;
				TARGETED_DEVICE_FAMILY = 1;
			};
			name = Release;
		};
		L10000000000000000000005 /* Debug */ = {
			isa = XCBuildConfiguration;
			buildSettings = {
				BUNDLE_LOADER = "$(TEST_HOST)";
				CODE_SIGN_STYLE = Automatic;
				GENERATE_INFOPLIST_FILE = YES;
				IPHONEOS_DEPLOYMENT_TARGET = 17.0;
				PRODUCT_BUNDLE_IDENTIFIER = com.yaconecta.ios.tests;
				PRODUCT_NAME = "$(TARGET_NAME)";
				SWIFT_VERSION = 5.0;
				TARGETED_DEVICE_FAMILY = 1;
				TEST_HOST = "$(BUILT_PRODUCTS_DIR)/PuebloApp.app/$(BUNDLE_EXECUTABLE_FOLDER_PATH)/PuebloApp";
			};
			name = Debug;
		};
		L10000000000000000000006 /* Release */ = {
			isa = XCBuildConfiguration;
			buildSettings = {
				BUNDLE_LOADER = "$(TEST_HOST)";
				CODE_SIGN_STYLE = Automatic;
				GENERATE_INFOPLIST_FILE = YES;
				IPHONEOS_DEPLOYMENT_TARGET = 17.0;
				PRODUCT_BUNDLE_IDENTIFIER = com.yaconecta.ios.tests;
				PRODUCT_NAME = "$(TARGET_NAME)";
				SWIFT_VERSION = 5.0;
				TARGETED_DEVICE_FAMILY = 1;
				TEST_HOST = "$(BUILT_PRODUCTS_DIR)/PuebloApp.app/$(BUNDLE_EXECUTABLE_FOLDER_PATH)/PuebloApp";
			};
			name = Release;
		};
/* End XCBuildConfiguration section */

/* Begin XCConfigurationList section */
		H10000000000000000000001 /* Build configuration list for PBXProject "YaConecta" */ = {
			isa = XCConfigurationList;
			buildConfigurations = (
				L10000000000000000000001 /* Debug */,
				L10000000000000000000002 /* Release */,
			);
			defaultConfigurationIsVisible = 0;
			defaultConfigurationName = Release;
		};
		H10000000000000000000002 /* Build configuration list for PBXNativeTarget "PuebloApp" */ = {
			isa = XCConfigurationList;
			buildConfigurations = (
				L10000000000000000000003 /* Debug */,
				L10000000000000000000004 /* Release */,
			);
			defaultConfigurationIsVisible = 0;
			defaultConfigurationName = Release;
		};
		H10000000000000000000003 /* Build configuration list for PBXNativeTarget "PuebloAppTests" */ = {
			isa = XCConfigurationList;
			buildConfigurations = (
				L10000000000000000000005 /* Debug */,
				L10000000000000000000006 /* Release */,
			);
			defaultConfigurationIsVisible = 0;
			defaultConfigurationName = Release;
		};
/* End XCConfigurationList section */

/* Begin XCRemoteSwiftPackageReference section */
		M10000000000000000000001 /* XCRemoteSwiftPackageReference "supabase-swift" */ = {
			isa = XCRemoteSwiftPackageReference;
			repositoryURL = "https://github.com/supabase/supabase-swift.git";
			requirement = {
				kind = upToNextMajorVersion;
				minimumVersion = 2.53.0;
			};
		};
		M10000000000000000000002 /* XCRemoteSwiftPackageReference "GoogleSignIn-iOS" */ = {
			isa = XCRemoteSwiftPackageReference;
			repositoryURL = "https://github.com/google/GoogleSignIn-iOS";
			requirement = {
				kind = upToNextMajorVersion;
				minimumVersion = 9.1.0;
			};
		};
/* End XCRemoteSwiftPackageReference section */

/* Begin XCSwiftPackageProductDependency section */
		N10000000000000000000001 /* Supabase */ = {
			isa = XCSwiftPackageProductDependency;
			package = M10000000000000000000001 /* XCRemoteSwiftPackageReference "supabase-swift" */;
			productName = Supabase;
		};
		N10000000000000000000002 /* GoogleSignIn */ = {
			isa = XCSwiftPackageProductDependency;
			package = M10000000000000000000002 /* XCRemoteSwiftPackageReference "GoogleSignIn-iOS" */;
			productName = GoogleSignIn;
		};
		N10000000000000000000003 /* GoogleSignInSwift */ = {
			isa = XCSwiftPackageProductDependency;
			package = M10000000000000000000002 /* XCRemoteSwiftPackageReference "GoogleSignIn-iOS" */;
			productName = GoogleSignInSwift;
		};
/* End XCSwiftPackageProductDependency section */
	};
	rootObject = D10000000000000000000001 /* Project object */;
}
